
Microsoft Visual Studio Solution File, Format Version 11.00
# Visual Studio 2010
Project("{FAE04EC0-301F-11D3-BF4B-00C04F79EFBC}") = "nc-unity-shooting", "Assembly-CSharp.csproj", "{5D441BCA-F719-828E-4B15-E1C0A9701EE3}"
EndProject
Project("{FAE04EC0-301F-11D3-BF4B-00C04F79EFBC}") = "nc-unity-shooting", "Assembly-CSharp-Editor.csproj", "{9462D5EE-3704-1B1C-9EA0-ACB9EA8AEFD9}"
EndProject
Global
	GlobalSection(SolutionConfigurationPlatforms) = preSolution
		Debug|Any CPU = Debug|Any CPU
		Release|Any CPU = Release|Any CPU
	EndGlobalSection
	GlobalSection(ProjectConfigurationPlatforms) = postSolution
		{5D441BCA-F719-828E-4B15-E1C0A9701EE3}.Debug|Any CPU.ActiveCfg = Debug|Any CPU
		{5D441BCA-F719-828E-4B15-E1C0A9701EE3}.Debug|Any CPU.Build.0 = Debug|Any CPU
		{5D441BCA-F719-828E-4B15-E1C0A9701EE3}.Release|Any CPU.ActiveCfg = Release|Any CPU
		{5D441BCA-F719-828E-4B15-E1C0A9701EE3}.Release|Any CPU.Build.0 = Release|Any CPU
		{9462D5EE-3704-1B1C-9EA0-ACB9EA8AEFD9}.Debug|Any CPU.ActiveCfg = Debug|Any CPU
		{9462D5EE-3704-1B1C-9EA0-ACB9EA8AEFD9}.Debug|Any CPU.Build.0 = Debug|Any CPU
		{9462D5EE-3704-1B1C-9EA0-ACB9EA8AEFD9}.Release|Any CPU.ActiveCfg = Release|Any CPU
		{9462D5EE-3704-1B1C-9EA0-ACB9EA8AEFD9}.Release|Any CPU.Build.0 = Release|Any CPU
	EndGlobalSection
	GlobalSection(SolutionProperties) = preSolution
		HideSolutionNode = FALSE
	EndGlobalSection
	GlobalSection(MonoDevelopProperties) = preSolution
		StartupItem = Assembly-CSharp.csproj
	EndGlobalSection
EndGlobal
